// !$*UTF8*$!
{
	archiveVersion = 1;
	classes = {
	};
	objectVersion = 46;
	objects = {

/* Begin PBXBuildFile section */
		1814635C18D9C68C0001FAD1 /* new_answer.plist in Resources */ = {isa = PBXBuildFile; fileRef = 1814635B18D9C68C0001FAD1 /* new_answer.plist */; };
		183D32D418DF02140032E0F0 /* answer.plist in Resources */ = {isa = PBXBuildFile; fileRef = 183D32D318DF02140032E0F0 /* answer.plist */; };
		183D32D618DF05F00032E0F0 /* 05Btn3_1.jpg in Resources */ = {isa = PBXBuildFile; fileRef = 183D32D518DF05F00032E0F0 /* 05Btn3_1.jpg */; };
		183D32D818DF062F0032E0F0 /* 13.jpg in Resources */ = {isa = PBXBuildFile; fileRef = 183D32D718DF062F0032E0F0 /* 13.jpg */; };
		183D32DA18DF063A0032E0F0 /* 09.jpg in Resources */ = {isa = PBXBuildFile; fileRef = 183D32D918DF063A0032E0F0 /* 09.jpg */; };
		18859FEB18D53E1A002BCF2B /* readme.txt in Resources */ = {isa = PBXBuildFile; fileRef = 18859FAE18D53E1A002BCF2B /* readme.txt */; };
		18859FEC18D53E1A002BCF2B /* BtnStart_1.jpg in Resources */ = {isa = PBXBuildFile; fileRef = 18859FB018D53E1A002BCF2B /* BtnStart_1.jpg */; };
		18859FED18D53E1A002BCF2B /* BtnStart_2.jpg in Resources */ = {isa = PBXBuildFile; fileRef = 18859FB118D53E1A002BCF2B /* BtnStart_2.jpg */; };
		18859FEE18D53E1A002BCF2B /* Start_Background.jpg in Resources */ = {isa = PBXBuildFile; fileRef = 18859FB218D53E1A002BCF2B /* Start_Background.jpg */; };
		18859FEF18D53E1A002BCF2B /* 第05题目-原始状态.jpg in Resources */ = {isa = PBXBuildFile; fileRef = 18859FB418D53E1A002BCF2B /* 第05题目-原始状态.jpg */; };
		18859FF018D53E1A002BCF2B /* 第05题目-选择某个选项后该选项回显在题干中.jpg in Resources */ = {isa = PBXBuildFile; fileRef = 18859FB518D53E1A002BCF2B /* 第05题目-选择某个选项后该选项回显在题干中.jpg */; };
		18859FF118D53E1A002BCF2B /* 第05题目-选择某个选项弹出窗口.jpg in Resources */ = {isa = PBXBuildFile; fileRef = 18859FB618D53E1A002BCF2B /* 第05题目-选择某个选项弹出窗口.jpg */; };
		18859FF218D53E1A002BCF2B /* 结束页-出现网络传输错误显示重新上传按钮.jpg in Resources */ = {isa = PBXBuildFile; fileRef = 18859FB718D53E1A002BCF2B /* 结束页-出现网络传输错误显示重新上传按钮.jpg */; };
		18859FF318D53E1A002BCF2B /* 结束页-显示结果与分析与重新开始按钮.jpg in Resources */ = {isa = PBXBuildFile; fileRef = 18859FB818D53E1A002BCF2B /* 结束页-显示结果与分析与重新开始按钮.jpg */; };
		18859FF418D53E1A002BCF2B /* BtnRestart_1.jpg in Resources */ = {isa = PBXBuildFile; fileRef = 18859FBA18D53E1A002BCF2B /* BtnRestart_1.jpg */; };
		18859FF518D53E1A002BCF2B /* BtnRestart_2.jpg in Resources */ = {isa = PBXBuildFile; fileRef = 18859FBB18D53E1A002BCF2B /* BtnRestart_2.jpg */; };
		18859FF618D53E1A002BCF2B /* BtnReupload_1.jpg in Resources */ = {isa = PBXBuildFile; fileRef = 18859FBC18D53E1A002BCF2B /* BtnReupload_1.jpg */; };
		18859FF718D53E1A002BCF2B /* BtnReupload_2.jpg in Resources */ = {isa = PBXBuildFile; fileRef = 18859FBD18D53E1A002BCF2B /* BtnReupload_2.jpg */; };
		18859FF818D53E1A002BCF2B /* End_Background.jpg in Resources */ = {isa = PBXBuildFile; fileRef = 18859FBE18D53E1A002BCF2B /* End_Background.jpg */; };
		18859FF918D53E1A002BCF2B /* UploadErrorView_Background.jpg in Resources */ = {isa = PBXBuildFile; fileRef = 18859FBF18D53E1A002BCF2B /* UploadErrorView_Background.jpg */; };
		18859FFA18D53E1A002BCF2B /* 01.jpg in Resources */ = {isa = PBXBuildFile; fileRef = 18859FC118D53E1A002BCF2B /* 01.jpg */; };
		18859FFB18D53E1A002BCF2B /* 02.jpg in Resources */ = {isa = PBXBuildFile; fileRef = 18859FC218D53E1A002BCF2B /* 02.jpg */; };
		18859FFC18D53E1A002BCF2B /* 03.jpg in Resources */ = {isa = PBXBuildFile; fileRef = 18859FC318D53E1A002BCF2B /* 03.jpg */; };
		18859FFD18D53E1A002BCF2B /* 04.jpg in Resources */ = {isa = PBXBuildFile; fileRef = 18859FC418D53E1A002BCF2B /* 04.jpg */; };
		18859FFE18D53E1A002BCF2B /* 05.jpg in Resources */ = {isa = PBXBuildFile; fileRef = 18859FC518D53E1A002BCF2B /* 05.jpg */; };
		18859FFF18D53E1A002BCF2B /* 05Txt_1.jpg in Resources */ = {isa = PBXBuildFile; fileRef = 18859FC618D53E1A002BCF2B /* 05Txt_1.jpg */; };
		1885A00018D53E1A002BCF2B /* 05Txt_2.jpg in Resources */ = {isa = PBXBuildFile; fileRef = 18859FC718D53E1A002BCF2B /* 05Txt_2.jpg */; };
		1885A00118D53E1A002BCF2B /* 05Txt_3.jpg in Resources */ = {isa = PBXBuildFile; fileRef = 18859FC818D53E1A002BCF2B /* 05Txt_3.jpg */; };
		1885A00218D53E1A002BCF2B /* 05Txt_4.jpg in Resources */ = {isa = PBXBuildFile; fileRef = 18859FC918D53E1A002BCF2B /* 05Txt_4.jpg */; };
		1885A00318D53E1A002BCF2B /* 06.jpg in Resources */ = {isa = PBXBuildFile; fileRef = 18859FCA18D53E1A002BCF2B /* 06.jpg */; };
		1885A00418D53E1A002BCF2B /* 07.jpg in Resources */ = {isa = PBXBuildFile; fileRef = 18859FCB18D53E1A002BCF2B /* 07.jpg */; };
		1885A00518D53E1A002BCF2B /* 08.jpg in Resources */ = {isa = PBXBuildFile; fileRef = 18859FCC18D53E1A002BCF2B /* 08.jpg */; };
		1885A00718D53E1A002BCF2B /* 10.jpg in Resources */ = {isa = PBXBuildFile; fileRef = 18859FCE18D53E1A002BCF2B /* 10.jpg */; };
		1885A00818D53E1A002BCF2B /* 11.jpg in Resources */ = {isa = PBXBuildFile; fileRef = 18859FCF18D53E1A002BCF2B /* 11.jpg */; };
		1885A00918D53E1A002BCF2B /* 12.jpg in Resources */ = {isa = PBXBuildFile; fileRef = 18859FD018D53E1A002BCF2B /* 12.jpg */; };
		1885A00B18D53E1A002BCF2B /* 05Btn1_1.jpg in Resources */ = {isa = PBXBuildFile; fileRef = 18859FD318D53E1A002BCF2B /* 05Btn1_1.jpg */; };
		1885A00C18D53E1A002BCF2B /* 05Btn1_2.jpg in Resources */ = {isa = PBXBuildFile; fileRef = 18859FD418D53E1A002BCF2B /* 05Btn1_2.jpg */; };
		1885A00D18D53E1A002BCF2B /* 05Btn2_1.jpg in Resources */ = {isa = PBXBuildFile; fileRef = 18859FD518D53E1A002BCF2B /* 05Btn2_1.jpg */; };
		1885A00E18D53E1A002BCF2B /* 05Btn2_2.jpg in Resources */ = {isa = PBXBuildFile; fileRef = 18859FD618D53E1A002BCF2B /* 05Btn2_2.jpg */; };
		1885A01018D53E1A002BCF2B /* 05Btn3_2.jpg in Resources */ = {isa = PBXBuildFile; fileRef = 18859FD818D53E1A002BCF2B /* 05Btn3_2.jpg */; };
		1885A01118D53E1A002BCF2B /* 05Btn4_1.jpg in Resources */ = {isa = PBXBuildFile; fileRef = 18859FD918D53E1A002BCF2B /* 05Btn4_1.jpg */; };
		1885A01218D53E1A002BCF2B /* 05Btn4_2.jpg in Resources */ = {isa = PBXBuildFile; fileRef = 18859FDA18D53E1A002BCF2B /* 05Btn4_2.jpg */; };
		1885A01418D53E1A002BCF2B /* BtnA_1.jpg in Resources */ = {isa = PBXBuildFile; fileRef = 18859FDD18D53E1A002BCF2B /* BtnA_1.jpg */; };
		1885A01518D53E1A002BCF2B /* BtnA_2.jpg in Resources */ = {isa = PBXBuildFile; fileRef = 18859FDE18D53E1A002BCF2B /* BtnA_2.jpg */; };
		1885A01618D53E1A002BCF2B /* BtnA_3.jpg in Resources */ = {isa = PBXBuildFile; fileRef = 18859FDF18D53E1A002BCF2B /* BtnA_3.jpg */; };
		1885A01718D53E1A002BCF2B /* BtnB_1.jpg in Resources */ = {isa = PBXBuildFile; fileRef = 18859FE018D53E1A002BCF2B /* BtnB_1.jpg */; };
		1885A01818D53E1A002BCF2B /* BtnB_2.jpg in Resources */ = {isa = PBXBuildFile; fileRef = 18859FE118D53E1A002BCF2B /* BtnB_2.jpg */; };
		1885A01918D53E1A002BCF2B /* BtnB_3.jpg in Resources */ = {isa = PBXBuildFile; fileRef = 18859FE218D53E1A002BCF2B /* BtnB_3.jpg */; };
		1885A01A18D53E1A002BCF2B /* BtnC_1.jpg in Resources */ = {isa = PBXBuildFile; fileRef = 18859FE318D53E1A002BCF2B /* BtnC_1.jpg */; };
		1885A01B18D53E1A002BCF2B /* BtnC_2.jpg in Resources */ = {isa = PBXBuildFile; fileRef = 18859FE418D53E1A002BCF2B /* BtnC_2.jpg */; };
		1885A01C18D53E1A002BCF2B /* BtnC_3.jpg in Resources */ = {isa = PBXBuildFile; fileRef = 18859FE518D53E1A002BCF2B /* BtnC_3.jpg */; };
		1885A01D18D53E1A002BCF2B /* BtnClick_1.jpg in Resources */ = {isa = PBXBuildFile; fileRef = 18859FE618D53E1A002BCF2B /* BtnClick_1.jpg */; };
		1885A01E18D53E1A002BCF2B /* BtnClick_2.jpg in Resources */ = {isa = PBXBuildFile; fileRef = 18859FE718D53E1A002BCF2B /* BtnClick_2.jpg */; };
		1885A01F18D53E1A002BCF2B /* BtnD_1.jpg in Resources */ = {isa = PBXBuildFile; fileRef = 18859FE818D53E1A002BCF2B /* BtnD_1.jpg */; };
		1885A02018D53E1A002BCF2B /* BtnD_2.jpg in Resources */ = {isa = PBXBuildFile; fileRef = 18859FE918D53E1A002BCF2B /* BtnD_2.jpg */; };
		1885A02118D53E1A002BCF2B /* BtnD_3.jpg in Resources */ = {isa = PBXBuildFile; fileRef = 18859FEA18D53E1A002BCF2B /* BtnD_3.jpg */; };
		1885A02318D54054002BCF2B /* notice.txt in Resources */ = {isa = PBXBuildFile; fileRef = 1885A02218D54053002BCF2B /* notice.txt */; };
		1885A02618D54BA0002BCF2B /* ChoiceView.m in Sources */ = {isa = PBXBuildFile; fileRef = 1885A02518D54BA0002BCF2B /* ChoiceView.m */; };
		1885A02918D582CE002BCF2B /* NSBSimpleSegue.m in Sources */ = {isa = PBXBuildFile; fileRef = 1885A02818D582CE002BCF2B /* NSBSimpleSegue.m */; };
		1885A02C18D594FB002BCF2B /* BtnNext_1.jpg in Resources */ = {isa = PBXBuildFile; fileRef = 1885A02A18D594FB002BCF2B /* BtnNext_1.jpg */; };
		1885A02D18D594FB002BCF2B /* BtnNext_2.jpg in Resources */ = {isa = PBXBuildFile; fileRef = 1885A02B18D594FB002BCF2B /* BtnNext_2.jpg */; };
		18C58A1418E0719C00C46A51 /* 05PopView_Background.jpg in Resources */ = {isa = PBXBuildFile; fileRef = 18C58A1318E0719C00C46A51 /* 05PopView_Background.jpg */; };
		18C7A5AA18D47E4300B29EC3 /* Foundation.framework in Frameworks */ = {isa = PBXBuildFile; fileRef = 18C7A5A918D47E4300B29EC3 /* Foundation.framework */; };
		18C7A5AC18D47E4300B29EC3 /* CoreGraphics.framework in Frameworks */ = {isa = PBXBuildFile; fileRef = 18C7A5AB18D47E4300B29EC3 /* CoreGraphics.framework */; };
		18C7A5AE18D47E4300B29EC3 /* UIKit.framework in Frameworks */ = {isa = PBXBuildFile; fileRef = 18C7A5AD18D47E4300B29EC3 /* UIKit.framework */; };
		18C7A5B418D47E4300B29EC3 /* InfoPlist.strings in Resources */ = {isa = PBXBuildFile; fileRef = 18C7A5B218D47E4300B29EC3 /* InfoPlist.strings */; };
		18C7A5B618D47E4300B29EC3 /* main.m in Sources */ = {isa = PBXBuildFile; fileRef = 18C7A5B518D47E4300B29EC3 /* main.m */; };
		18C7A5BA18D47E4300B29EC3 /* AppDelegate.m in Sources */ = {isa = PBXBuildFile; fileRef = 18C7A5B918D47E4300B29EC3 /* AppDelegate.m */; };
		18C7A5BD18D47E4300B29EC3 /* Main.storyboard in Resources */ = {isa = PBXBuildFile; fileRef = 18C7A5BB18D47E4300B29EC3 /* Main.storyboard */; };
		18C7A5C218D47E4300B29EC3 /* Images.xcassets in Resources */ = {isa = PBXBuildFile; fileRef = 18C7A5C118D47E4300B29EC3 /* Images.xcassets */; };
		18C7A5C918D47E4300B29EC3 /* XCTest.framework in Frameworks */ = {isa = PBXBuildFile; fileRef = 18C7A5C818D47E4300B29EC3 /* XCTest.framework */; };
		18C7A5CA18D47E4300B29EC3 /* Foundation.framework in Frameworks */ = {isa = PBXBuildFile; fileRef = 18C7A5A918D47E4300B29EC3 /* Foundation.framework */; };
		18C7A5CB18D47E4300B29EC3 /* UIKit.framework in Frameworks */ = {isa = PBXBuildFile; fileRef = 18C7A5AD18D47E4300B29EC3 /* UIKit.framework */; };
		18C7A5D318D47E4300B29EC3 /* InfoPlist.strings in Resources */ = {isa = PBXBuildFile; fileRef = 18C7A5D118D47E4300B29EC3 /* InfoPlist.strings */; };
		18C7A5D518D47E4300B29EC3 /* coyote_bioTests.m in Sources */ = {isa = PBXBuildFile; fileRef = 18C7A5D418D47E4300B29EC3 /* coyote_bioTests.m */; };
		18C7A5E018D47EA300B29EC3 /* LoginViewController.m in Sources */ = {isa = PBXBuildFile; fileRef = 18C7A5DF18D47EA300B29EC3 /* LoginViewController.m */; };
		18C7A5E318D47EBC00B29EC3 /* QuestionViewController.m in Sources */ = {isa = PBXBuildFile; fileRef = 18C7A5E218D47EBC00B29EC3 /* QuestionViewController.m */; };
		18C7A5E618D47ECE00B29EC3 /* UploadViewController.m in Sources */ = {isa = PBXBuildFile; fileRef = 18C7A5E518D47ECE00B29EC3 /* UploadViewController.m */; };
		18C7A5EA18D47EEF00B29EC3 /* FlipSegue.m in Sources */ = {isa = PBXBuildFile; fileRef = 18C7A5E818D47EEF00B29EC3 /* FlipSegue.m */; };
		18C7A5F018D47FF000B29EC3 /* Toolkit.m in Sources */ = {isa = PBXBuildFile; fileRef = 18C7A5EE18D47FF000B29EC3 /* Toolkit.m */; };
		18C7A5F318D4813E00B29EC3 /* MulButtonView.m in Sources */ = {isa = PBXBuildFile; fileRef = 18C7A5F218D4813E00B29EC3 /* MulButtonView.m */; };
		18C7A61818D481E800B29EC3 /* ASIAuthenticationDialog.m in Sources */ = {isa = PBXBuildFile; fileRef = 18C7A5F718D481E800B29EC3 /* ASIAuthenticationDialog.m */; };
		18C7A61918D481E800B29EC3 /* ASIDataCompressor.m in Sources */ = {isa = PBXBuildFile; fileRef = 18C7A5FA18D481E800B29EC3 /* ASIDataCompressor.m */; };
		18C7A61A18D481E800B29EC3 /* ASIDataDecompressor.m in Sources */ = {isa = PBXBuildFile; fileRef = 18C7A5FC18D481E800B29EC3 /* ASIDataDecompressor.m */; };
		18C7A61B18D481E800B29EC3 /* ASIDownloadCache.m in Sources */ = {isa = PBXBuildFile; fileRef = 18C7A5FE18D481E800B29EC3 /* ASIDownloadCache.m */; };
		18C7A61C18D481E800B29EC3 /* ASIFormDataRequest.m in Sources */ = {isa = PBXBuildFile; fileRef = 18C7A60018D481E800B29EC3 /* ASIFormDataRequest.m */; };
		18C7A61D18D481E800B29EC3 /* ASIHTTPRequest.m in Sources */ = {isa = PBXBuildFile; fileRef = 18C7A60218D481E800B29EC3 /* ASIHTTPRequest.m */; };
		18C7A61E18D481E800B29EC3 /* ASIInputStream.m in Sources */ = {isa = PBXBuildFile; fileRef = 18C7A60618D481E800B29EC3 /* ASIInputStream.m */; };
		18C7A61F18D481E800B29EC3 /* ASINetworkQueue.m in Sources */ = {isa = PBXBuildFile; fileRef = 18C7A60818D481E800B29EC3 /* ASINetworkQueue.m */; };
		18C7A62018D481E800B29EC3 /* Reachability.m in Sources */ = {isa = PBXBuildFile; fileRef = 18C7A60B18D481E800B29EC3 /* Reachability.m */; };
		18C7A62118D481E800B29EC3 /* ProgressHUD.bundle in Resources */ = {isa = PBXBuildFile; fileRef = 18C7A60D18D481E800B29EC3 /* ProgressHUD.bundle */; };
		18C7A62218D481E800B29EC3 /* ProgressHUD.m in Sources */ = {isa = PBXBuildFile; fileRef = 18C7A60F18D481E800B29EC3 /* ProgressHUD.m */; };
		18C7A62318D481E800B29EC3 /* IQButtonBarArrowLeft@2x.png in Resources */ = {isa = PBXBuildFile; fileRef = 18C7A61118D481E800B29EC3 /* IQButtonBarArrowLeft@2x.png */; };
		18C7A62418D481E800B29EC3 /* IQButtonBarArrowRight@2x.png in Resources */ = {isa = PBXBuildFile; fileRef = 18C7A61218D481E800B29EC3 /* IQButtonBarArrowRight@2x.png */; };
		18C7A62518D481E800B29EC3 /* IQKeyboardManager.m in Sources */ = {isa = PBXBuildFile; fileRef = 18C7A61418D481E800B29EC3 /* IQKeyboardManager.m */; };
		18C7A62618D481E800B29EC3 /* JSONKit.m in Sources */ = {isa = PBXBuildFile; fileRef = 18C7A61718D481E800B29EC3 /* JSONKit.m */; };
		18C7A69718D4822A00B29EC3 /* Settings.bundle in Resources */ = {isa = PBXBuildFile; fileRef = 18C7A69618D4822A00B29EC3 /* Settings.bundle */; };
		18C7A69D18D4823100B29EC3 /* icon-29x29.png in Resources */ = {isa = PBXBuildFile; fileRef = 18C7A69818D4823100B29EC3 /* icon-29x29.png */; };
		18C7A69E18D4823100B29EC3 /* icon-40x40.png in Resources */ = {isa = PBXBuildFile; fileRef = 18C7A69918D4823100B29EC3 /* icon-40x40.png */; };
		18C7A69F18D4823100B29EC3 /* icon-76x76.png in Resources */ = {isa = PBXBuildFile; fileRef = 18C7A69A18D4823100B29EC3 /* icon-76x76.png */; };
		18C7A6A018D4823100B29EC3 /* UI-Button-Result-True.png in Resources */ = {isa = PBXBuildFile; fileRef = 18C7A69B18D4823100B29EC3 /* UI-Button-Result-True.png */; };
		18C7A6A118D4823100B29EC3 /* UI-Button-Result-False.png in Resources */ = {isa = PBXBuildFile; fileRef = 18C7A69C18D4823100B29EC3 /* UI-Button-Result-False.png */; };
		18C7A6A318D4825100B29EC3 /* libz.1.2.5.dylib in Frameworks */ = {isa = PBXBuildFile; fileRef = 18C7A6A218D4825100B29EC3 /* libz.1.2.5.dylib */; };
		18C7A6A718D48DE800B29EC3 /* test.plist in Resources */ = {isa = PBXBuildFile; fileRef = 18C7A6A618D48DE800B29EC3 /* test.plist */; };
/* End PBXBuildFile section */

/* Begin PBXContainerItemProxy section */
		18C7A5CC18D47E4300B29EC3 /* PBXContainerItemProxy */ = {
			isa = PBXContainerItemProxy;
			containerPortal = 18C7A59E18D47E4300B29EC3 /* Project object */;
			proxyType = 1;
			remoteGlobalIDString = 18C7A5A518D47E4300B29EC3;
			remoteInfo = "coyote-bio";
		};
/* End PBXContainerItemProxy section */

/* Begin PBXFileReference section */
		1814635B18D9C68C0001FAD1 /* new_answer.plist */ = {isa = PBXFileReference; fileEncoding = 4; lastKnownFileType = text.plist.xml; path = new_answer.plist; sourceTree = "<group>"; };
		183D32D318DF02140032E0F0 /* answer.plist */ = {isa = PBXFileReference; fileEncoding = 4; lastKnownFileType = text.plist.xml; path = answer.plist; sourceTree = "<group>"; };
		183D32D518DF05F00032E0F0 /* 05Btn3_1.jpg */ = {isa = PBXFileReference; lastKnownFileType = image.jpeg; path = 05Btn3_1.jpg; sourceTree = "<group>"; };
		183D32D718DF062F0032E0F0 /* 13.jpg */ = {isa = PBXFileReference; lastKnownFileType = image.jpeg; path = 13.jpg; sourceTree = "<group>"; };
		183D32D918DF063A0032E0F0 /* 09.jpg */ = {isa = PBXFileReference; lastKnownFileType = image.jpeg; path = 09.jpg; sourceTree = "<group>"; };
		18859FAE18D53E1A002BCF2B /* readme.txt */ = {isa = PBXFileReference; fileEncoding = 4; lastKnownFileType = text; path = readme.txt; sourceTree = "<group>"; };
		18859FB018D53E1A002BCF2B /* BtnStart_1.jpg */ = {isa = PBXFileReference; lastKnownFileType = image.jpeg; path = BtnStart_1.jpg; sourceTree = "<group>"; };
		18859FB118D53E1A002BCF2B /* BtnStart_2.jpg */ = {isa = PBXFileReference; lastKnownFileType = image.jpeg; path = BtnStart_2.jpg; sourceTree = "<group>"; };
		18859FB218D53E1A002BCF2B /* Start_Background.jpg */ = {isa = PBXFileReference; lastKnownFileType = image.jpeg; path = Start_Background.jpg; sourceTree = "<group>"; };
		18859FB418D53E1A002BCF2B /* 第05题目-原始状态.jpg */ = {isa = PBXFileReference; lastKnownFileType = image.jpeg; path = "第05题目-原始状态.jpg"; sourceTree = "<group>"; };
		18859FB518D53E1A002BCF2B /* 第05题目-选择某个选项后该选项回显在题干中.jpg */ = {isa = PBXFileReference; lastKnownFileType = image.jpeg; path = "第05题目-选择某个选项后该选项回显在题干中.jpg"; sourceTree = "<group>"; };
		18859FB618D53E1A002BCF2B /* 第05题目-选择某个选项弹出窗口.jpg */ = {isa = PBXFileReference; lastKnownFileType = image.jpeg; path = "第05题目-选择某个选项弹出窗口.jpg"; sourceTree = "<group>"; };
		18859FB718D53E1A002BCF2B /* 结束页-出现网络传输错误显示重新上传按钮.jpg */ = {isa = PBXFileReference; lastKnownFileType = image.jpeg; path = "结束页-出现网络传输错误显示重新上传按钮.jpg"; sourceTree = "<group>"; };
		18859FB818D53E1A002BCF2B /* 结束页-显示结果与分析与重新开始按钮.jpg */ = {isa = PBXFileReference; lastKnownFileType = image.jpeg; path = "结束页-显示结果与分析与重新开始按钮.jpg"; sourceTree = "<group>"; };
		18859FBA18D53E1A002BCF2B /* BtnRestart_1.jpg */ = {isa = PBXFileReference; lastKnownFileType = image.jpeg; path = BtnRestart_1.jpg; sourceTree = "<group>"; };
		18859FBB18D53E1A002BCF2B /* BtnRestart_2.jpg */ = {isa = PBXFileReference; lastKnownFileType = image.jpeg; path = BtnRestart_2.jpg; sourceTree = "<group>"; };
		18859FBC18D53E1A002BCF2B /* BtnReupload_1.jpg */ = {isa = PBXFileReference; lastKnownFileType = image.jpeg; path = BtnReupload_1.jpg; sourceTree = "<group>"; };
		18859FBD18D53E1A002BCF2B /* BtnReupload_2.jpg */ = {isa = PBXFileReference; lastKnownFileType = image.jpeg; path = BtnReupload_2.jpg; sourceTree = "<group>"; };
		18859FBE18D53E1A002BCF2B /* End_Background.jpg */ = {isa = PBXFileReference; lastKnownFileType = image.jpeg; path = End_Background.jpg; sourceTree = "<group>"; };
		18859FBF18D53E1A002BCF2B /* UploadErrorView_Background.jpg */ = {isa = PBXFileReference; lastKnownFileType = image.jpeg; path = UploadErrorView_Background.jpg; sourceTree = "<group>"; };
		18859FC118D53E1A002BCF2B /* 01.jpg */ = {isa = PBXFileReference; lastKnownFileType = image.jpeg; path = 01.jpg; sourceTree = "<group>"; };
		18859FC218D53E1A002BCF2B /* 02.jpg */ = {isa = PBXFileReference; lastKnownFileType = image.jpeg; path = 02.jpg; sourceTree = "<group>"; };
		18859FC318D53E1A002BCF2B /* 03.jpg */ = {isa = PBXFileReference; lastKnownFileType = image.jpeg; path = 03.jpg; sourceTree = "<group>"; };
		18859FC418D53E1A002BCF2B /* 04.jpg */ = {isa = PBXFileReference; lastKnownFileType = image.jpeg; path = 04.jpg; sourceTree = "<group>"; };
		18859FC518D53E1A002BCF2B /* 05.jpg */ = {isa = PBXFileReference; lastKnownFileType = image.jpeg; path = 05.jpg; sourceTree = "<group>"; };
		18859FC618D53E1A002BCF2B /* 05Txt_1.jpg */ = {isa = PBXFileReference; lastKnownFileType = image.jpeg; path = 05Txt_1.jpg; sourceTree = "<group>"; };
		18859FC718D53E1A002BCF2B /* 05Txt_2.jpg */ = {isa = PBXFileReference; lastKnownFileType = image.jpeg; path = 05Txt_2.jpg; sourceTree = "<group>"; };
		18859FC818D53E1A002BCF2B /* 05Txt_3.jpg */ = {isa = PBXFileReference; lastKnownFileType = image.jpeg; path = 05Txt_3.jpg; sourceTree = "<group>"; };
		18859FC918D53E1A002BCF2B /* 05Txt_4.jpg */ = {isa = PBXFileReference; lastKnownFileType = image.jpeg; path = 05Txt_4.jpg; sourceTree = "<group>"; };
		18859FCA18D53E1A002BCF2B /* 06.jpg */ = {isa = PBXFileReference; lastKnownFileType = image.jpeg; path = 06.jpg; sourceTree = "<group>"; };
		18859FCB18D53E1A002BCF2B /* 07.jpg */ = {isa = PBXFileReference; lastKnownFileType = image.jpeg; path = 07.jpg; sourceTree = "<group>"; };
		18859FCC18D53E1A002BCF2B /* 08.jpg */ = {isa = PBXFileReference; lastKnownFileType = image.jpeg; path = 08.jpg; sourceTree = "<group>"; };
		18859FCE18D53E1A002BCF2B /* 10.jpg */ = {isa = PBXFileReference; lastKnownFileType = image.jpeg; path = 10.jpg; sourceTree = "<group>"; };
		18859FCF18D53E1A002BCF2B /* 11.jpg */ = {isa = PBXFileReference; lastKnownFileType = image.jpeg; path = 11.jpg; sourceTree = "<group>"; };
		18859FD018D53E1A002BCF2B /* 12.jpg */ = {isa = PBXFileReference; lastKnownFileType = image.jpeg; path = 12.jpg; sourceTree = "<group>"; };
		18859FD318D53E1A002BCF2B /* 05Btn1_1.jpg */ = {isa = PBXFileReference; lastKnownFileType = image.jpeg; path = 05Btn1_1.jpg; sourceTree = "<group>"; };
		18859FD418D53E1A002BCF2B /* 05Btn1_2.jpg */ = {isa = PBXFileReference; lastKnownFileType = image.jpeg; path = 05Btn1_2.jpg; sourceTree = "<group>"; };
		18859FD518D53E1A002BCF2B /* 05Btn2_1.jpg */ = {isa = PBXFileReference; lastKnownFileType = image.jpeg; path = 05Btn2_1.jpg; sourceTree = "<group>"; };
		18859FD618D53E1A002BCF2B /* 05Btn2_2.jpg */ = {isa = PBXFileReference; lastKnownFileType = image.jpeg; path = 05Btn2_2.jpg; sourceTree = "<group>"; };
		18859FD818D53E1A002BCF2B /* 05Btn3_2.jpg */ = {isa = PBXFileReference; lastKnownFileType = image.jpeg; path = 05Btn3_2.jpg; sourceTree = "<group>"; };
		18859FD918D53E1A002BCF2B /* 05Btn4_1.jpg */ = {isa = PBXFileReference; lastKnownFileType = image.jpeg; path = 05Btn4_1.jpg; sourceTree = "<group>"; };
		18859FDA18D53E1A002BCF2B /* 05Btn4_2.jpg */ = {isa = PBXFileReference; lastKnownFileType = image.jpeg; path = 05Btn4_2.jpg; sourceTree = "<group>"; };
		18859FDD18D53E1A002BCF2B /* BtnA_1.jpg */ = {isa = PBXFileReference; lastKnownFileType = image.jpeg; path = BtnA_1.jpg; sourceTree = "<group>"; };
		18859FDE18D53E1A002BCF2B /* BtnA_2.jpg */ = {isa = PBXFileReference; lastKnownFileType = image.jpeg; path = BtnA_2.jpg; sourceTree = "<group>"; };
		18859FDF18D53E1A002BCF2B /* BtnA_3.jpg */ = {isa = PBXFileReference; lastKnownFileType = image.jpeg; path = BtnA_3.jpg; sourceTree = "<group>"; };
		18859FE018D53E1A002BCF2B /* BtnB_1.jpg */ = {isa = PBXFileReference; lastKnownFileType = image.jpeg; path = BtnB_1.jpg; sourceTree = "<group>"; };
		18859FE118D53E1A002BCF2B /* BtnB_2.jpg */ = {isa = PBXFileReference; lastKnownFileType = image.jpeg; path = BtnB_2.jpg; sourceTree = "<group>"; };
		18859FE218D53E1A002BCF2B /* BtnB_3.jpg */ = {isa = PBXFileReference; lastKnownFileType = image.jpeg; path = BtnB_3.jpg; sourceTree = "<group>"; };
		18859FE318D53E1A002BCF2B /* BtnC_1.jpg */ = {isa = PBXFileReference; lastKnownFileType = image.jpeg; path = BtnC_1.jpg; sourceTree = "<group>"; };
		18859FE418D53E1A002BCF2B /* BtnC_2.jpg */ = {isa = PBXFileReference; lastKnownFileType = image.jpeg; path = BtnC_2.jpg; sourceTree = "<group>"; };
		18859FE518D53E1A002BCF2B /* BtnC_3.jpg */ = {isa = PBXFileReference; lastKnownFileType = image.jpeg; path = BtnC_3.jpg; sourceTree = "<group>"; };
		18859FE618D53E1A002BCF2B /* BtnClick_1.jpg */ = {isa = PBXFileReference; lastKnownFileType = image.jpeg; path = BtnClick_1.jpg; sourceTree = "<group>"; };
		18859FE718D53E1A002BCF2B /* BtnClick_2.jpg */ = {isa = PBXFileReference; lastKnownFileType = image.jpeg; path = BtnClick_2.jpg; sourceTree = "<group>"; };
		18859FE818D53E1A002BCF2B /* BtnD_1.jpg */ = {isa = PBXFileReference; lastKnownFileType = image.jpeg; path = BtnD_1.jpg; sourceTree = "<group>"; };
		18859FE918D53E1A002BCF2B /* BtnD_2.jpg */ = {isa = PBXFileReference; lastKnownFileType = image.jpeg; path = BtnD_2.jpg; sourceTree = "<group>"; };
		18859FEA18D53E1A002BCF2B /* BtnD_3.jpg */ = {isa = PBXFileReference; lastKnownFileType = image.jpeg; path = BtnD_3.jpg; sourceTree = "<group>"; };
		1885A02218D54053002BCF2B /* notice.txt */ = {isa = PBXFileReference; fileEncoding = 4; lastKnownFileType = text; name = notice.txt; path = ../notice.txt; sourceTree = "<group>"; };
		1885A02418D54BA0002BCF2B /* ChoiceView.h */ = {isa = PBXFileReference; fileEncoding = 4; lastKnownFileType = sourcecode.c.h; path = ChoiceView.h; sourceTree = "<group>"; };
		1885A02518D54BA0002BCF2B /* ChoiceView.m */ = {isa = PBXFileReference; fileEncoding = 4; lastKnownFileType = sourcecode.c.objc; path = ChoiceView.m; sourceTree = "<group>"; };
		1885A02718D582CE002BCF2B /* NSBSimpleSegue.h */ = {isa = PBXFileReference; fileEncoding = 4; lastKnownFileType = sourcecode.c.h; path = NSBSimpleSegue.h; sourceTree = "<group>"; };
		1885A02818D582CE002BCF2B /* NSBSimpleSegue.m */ = {isa = PBXFileReference; fileEncoding = 4; lastKnownFileType = sourcecode.c.objc; path = NSBSimpleSegue.m; sourceTree = "<group>"; };
		1885A02A18D594FB002BCF2B /* BtnNext_1.jpg */ = {isa = PBXFileReference; lastKnownFileType = image.jpeg; path = BtnNext_1.jpg; sourceTree = "<group>"; };
		1885A02B18D594FB002BCF2B /* BtnNext_2.jpg */ = {isa = PBXFileReference; lastKnownFileType = image.jpeg; path = BtnNext_2.jpg; sourceTree = "<group>"; };
		18C58A1318E0719C00C46A51 /* 05PopView_Background.jpg */ = {isa = PBXFileReference; lastKnownFileType = image.jpeg; path = 05PopView_Background.jpg; sourceTree = "<group>"; };
		18C7A5A618D47E4300B29EC3 /* coyote-bio.app */ = {isa = PBXFileReference; explicitFileType = wrapper.application; includeInIndex = 0; path = "coyote-bio.app"; sourceTree = BUILT_PRODUCTS_DIR; };
		18C7A5A918D47E4300B29EC3 /* Foundation.framework */ = {isa = PBXFileReference; lastKnownFileType = wrapper.framework; name = Foundation.framework; path = System/Library/Frameworks/Foundation.framework; sourceTree = SDKROOT; };
		18C7A5AB18D47E4300B29EC3 /* CoreGraphics.framework */ = {isa = PBXFileReference; lastKnownFileType = wrapper.framework; name = CoreGraphics.framework; path = System/Library/Frameworks/CoreGraphics.framework; sourceTree = SDKROOT; };
		18C7A5AD18D47E4300B29EC3 /* UIKit.framework */ = {isa = PBXFileReference; lastKnownFileType = wrapper.framework; name = UIKit.framework; path = System/Library/Frameworks/UIKit.framework; sourceTree = SDKROOT; };
		18C7A5B118D47E4300B29EC3 /* coyote-bio-Info.plist */ = {isa = PBXFileReference; lastKnownFileType = text.plist.xml; path = "coyote-bio-Info.plist"; sourceTree = "<group>"; };
		18C7A5B318D47E4300B29EC3 /* en */ = {isa = PBXFileReference; lastKnownFileType = text.plist.strings; name = en; path = en.lproj/InfoPlist.strings; sourceTree = "<group>"; };
		18C7A5B518D47E4300B29EC3 /* main.m */ = {isa = PBXFileReference; lastKnownFileType = sourcecode.c.objc; path = main.m; sourceTree = "<group>"; };
		18C7A5B718D47E4300B29EC3 /* coyote-bio-Prefix.pch */ = {isa = PBXFileReference; lastKnownFileType = sourcecode.c.h; path = "coyote-bio-Prefix.pch"; sourceTree = "<group>"; };
		18C7A5B818D47E4300B29EC3 /* AppDelegate.h */ = {isa = PBXFileReference; lastKnownFileType = sourcecode.c.h; path = AppDelegate.h; sourceTree = "<group>"; };
		18C7A5B918D47E4300B29EC3 /* AppDelegate.m */ = {isa = PBXFileReference; lastKnownFileType = sourcecode.c.objc; path = AppDelegate.m; sourceTree = "<group>"; };
		18C7A5BC18D47E4300B29EC3 /* Base */ = {isa = PBXFileReference; lastKnownFileType = file.storyboard; name = Base; path = Base.lproj/Main.storyboard; sourceTree = "<group>"; };
		18C7A5C118D47E4300B29EC3 /* Images.xcassets */ = {isa = PBXFileReference; lastKnownFileType = folder.assetcatalog; path = Images.xcassets; sourceTree = "<group>"; };
		18C7A5C718D47E4300B29EC3 /* coyote-bioTests.xctest */ = {isa = PBXFileReference; explicitFileType = wrapper.cfbundle; includeInIndex = 0; path = "coyote-bioTests.xctest"; sourceTree = BUILT_PRODUCTS_DIR; };
		18C7A5C818D47E4300B29EC3 /* XCTest.framework */ = {isa = PBXFileReference; lastKnownFileType = wrapper.framework; name = XCTest.framework; path = Library/Frameworks/XCTest.framework; sourceTree = DEVELOPER_DIR; };
		18C7A5D018D47E4300B29EC3 /* coyote-bioTests-Info.plist */ = {isa = PBXFileReference; lastKnownFileType = text.plist.xml; path = "coyote-bioTests-Info.plist"; sourceTree = "<group>"; };
		18C7A5D218D47E4300B29EC3 /* en */ = {isa = PBXFileReference; lastKnownFileType = text.plist.strings; name = en; path = en.lproj/InfoPlist.strings; sourceTree = "<group>"; };
		18C7A5D418D47E4300B29EC3 /* coyote_bioTests.m */ = {isa = PBXFileReference; lastKnownFileType = sourcecode.c.objc; path = coyote_bioTests.m; sourceTree = "<group>"; };
		18C7A5DE18D47EA300B29EC3 /* LoginViewController.h */ = {isa = PBXFileReference; fileEncoding = 4; lastKnownFileType = sourcecode.c.h; path = LoginViewController.h; sourceTree = "<group>"; };
		18C7A5DF18D47EA300B29EC3 /* LoginViewController.m */ = {isa = PBXFileReference; fileEncoding = 4; lastKnownFileType = sourcecode.c.objc; path = LoginViewController.m; sourceTree = "<group>"; };
		18C7A5E118D47EBC00B29EC3 /* QuestionViewController.h */ = {isa = PBXFileReference; fileEncoding = 4; lastKnownFileType = sourcecode.c.h; path = QuestionViewController.h; sourceTree = "<group>"; };
		18C7A5E218D47EBC00B29EC3 /* QuestionViewController.m */ = {isa = PBXFileReference; fileEncoding = 4; lastKnownFileType = sourcecode.c.objc; path = QuestionViewController.m; sourceTree = "<group>"; };
		18C7A5E418D47ECE00B29EC3 /* UploadViewController.h */ = {isa = PBXFileReference; fileEncoding = 4; lastKnownFileType = sourcecode.c.h; path = UploadViewController.h; sourceTree = "<group>"; };
		18C7A5E518D47ECE00B29EC3 /* UploadViewController.m */ = {isa = PBXFileReference; fileEncoding = 4; lastKnownFileType = sourcecode.c.objc; path = UploadViewController.m; sourceTree = "<group>"; };
		18C7A5E718D47EEF00B29EC3 /* FlipSegue.h */ = {isa = PBXFileReference; fileEncoding = 4; lastKnownFileType = sourcecode.c.h; path = FlipSegue.h; sourceTree = "<group>"; };
		18C7A5E818D47EEF00B29EC3 /* FlipSegue.m */ = {isa = PBXFileReference; fileEncoding = 4; lastKnownFileType = sourcecode.c.objc; path = FlipSegue.m; sourceTree = "<group>"; };
		18C7A5E918D47EEF00B29EC3 /* SegueStatusListener.h */ = {isa = PBXFileReference; fileEncoding = 4; lastKnownFileType = sourcecode.c.h; path = SegueStatusListener.h; sourceTree = "<group>"; };
		18C7A5ED18D47FF000B29EC3 /* Toolkit.h */ = {isa = PBXFileReference; fileEncoding = 4; lastKnownFileType = sourcecode.c.h; path = Toolkit.h; sourceTree = "<group>"; };
		18C7A5EE18D47FF000B29EC3 /* Toolkit.m */ = {isa = PBXFileReference; fileEncoding = 4; lastKnownFileType = sourcecode.c.objc; path = Toolkit.m; sourceTree = "<group>"; };
		18C7A5F118D4813E00B29EC3 /* MulButtonView.h */ = {isa = PBXFileReference; fileEncoding = 4; lastKnownFileType = sourcecode.c.h; path = MulButtonView.h; sourceTree = "<group>"; };
		18C7A5F218D4813E00B29EC3 /* MulButtonView.m */ = {isa = PBXFileReference; fileEncoding = 4; lastKnownFileType = sourcecode.c.objc; path = MulButtonView.m; sourceTree = "<group>"; };
		18C7A5F618D481E800B29EC3 /* ASIAuthenticationDialog.h */ = {isa = PBXFileReference; fileEncoding = 4; lastKnownFileType = sourcecode.c.h; path = ASIAuthenticationDialog.h; sourceTree = "<group>"; };
		18C7A5F718D481E800B29EC3 /* ASIAuthenticationDialog.m */ = {isa = PBXFileReference; fileEncoding = 4; lastKnownFileType = sourcecode.c.objc; path = ASIAuthenticationDialog.m; sourceTree = "<group>"; };
		18C7A5F818D481E800B29EC3 /* ASICacheDelegate.h */ = {isa = PBXFileReference; fileEncoding = 4; lastKnownFileType = sourcecode.c.h; path = ASICacheDelegate.h; sourceTree = "<group>"; };
		18C7A5F918D481E800B29EC3 /* ASIDataCompressor.h */ = {isa = PBXFileReference; fileEncoding = 4; lastKnownFileType = sourcecode.c.h; path = ASIDataCompressor.h; sourceTree = "<group>"; };
		18C7A5FA18D481E800B29EC3 /* ASIDataCompressor.m */ = {isa = PBXFileReference; fileEncoding = 4; lastKnownFileType = sourcecode.c.objc; path = ASIDataCompressor.m; sourceTree = "<group>"; };
		18C7A5FB18D481E800B29EC3 /* ASIDataDecompressor.h */ = {isa = PBXFileReference; fileEncoding = 4; lastKnownFileType = sourcecode.c.h; path = ASIDataDecompressor.h; sourceTree = "<group>"; };
		18C7A5FC18D481E800B29EC3 /* ASIDataDecompressor.m */ = {isa = PBXFileReference; fileEncoding = 4; lastKnownFileType = sourcecode.c.objc; path = ASIDataDecompressor.m; sourceTree = "<group>"; };
		18C7A5FD18D481E800B29EC3 /* ASIDownloadCache.h */ = {isa = PBXFileReference; fileEncoding = 4; lastKnownFileType = sourcecode.c.h; path = ASIDownloadCache.h; sourceTree = "<group>"; };
		18C7A5FE18D481E800B29EC3 /* ASIDownloadCache.m */ = {isa = PBXFileReference; fileEncoding = 4; lastKnownFileType = sourcecode.c.objc; path = ASIDownloadCache.m; sourceTree = "<group>"; };
		18C7A5FF18D481E800B29EC3 /* ASIFormDataRequest.h */ = {isa = PBXFileReference; fileEncoding = 4; lastKnownFileType = sourcecode.c.h; path = ASIFormDataRequest.h; sourceTree = "<group>"; };
		18C7A60018D481E800B29EC3 /* ASIFormDataRequest.m */ = {isa = PBXFileReference; fileEncoding = 4; lastKnownFileType = sourcecode.c.objc; path = ASIFormDataRequest.m; sourceTree = "<group>"; };
		18C7A60118D481E800B29EC3 /* ASIHTTPRequest.h */ = {isa = PBXFileReference; fileEncoding = 4; lastKnownFileType = sourcecode.c.h; path = ASIHTTPRequest.h; sourceTree = "<group>"; };
		18C7A60218D481E800B29EC3 /* ASIHTTPRequest.m */ = {isa = PBXFileReference; fileEncoding = 4; lastKnownFileType = sourcecode.c.objc; path = ASIHTTPRequest.m; sourceTree = "<group>"; };
		18C7A60318D481E800B29EC3 /* ASIHTTPRequestConfig.h */ = {isa = PBXFileReference; fileEncoding = 4; lastKnownFileType = sourcecode.c.h; path = ASIHTTPRequestConfig.h; sourceTree = "<group>"; };
		18C7A60418D481E800B29EC3 /* ASIHTTPRequestDelegate.h */ = {isa = PBXFileReference; fileEncoding = 4; lastKnownFileType = sourcecode.c.h; path = ASIHTTPRequestDelegate.h; sourceTree = "<group>"; };
		18C7A60518D481E800B29EC3 /* ASIInputStream.h */ = {isa = PBXFileReference; fileEncoding = 4; lastKnownFileType = sourcecode.c.h; path = ASIInputStream.h; sourceTree = "<group>"; };
		18C7A60618D481E800B29EC3 /* ASIInputStream.m */ = {isa = PBXFileReference; fileEncoding = 4; lastKnownFileType = sourcecode.c.objc; path = ASIInputStream.m; sourceTree = "<group>"; };
		18C7A60718D481E800B29EC3 /* ASINetworkQueue.h */ = {isa = PBXFileReference; fileEncoding = 4; lastKnownFileType = sourcecode.c.h; path = ASINetworkQueue.h; sourceTree = "<group>"; };
		18C7A60818D481E800B29EC3 /* ASINetworkQueue.m */ = {isa = PBXFileReference; fileEncoding = 4; lastKnownFileType = sourcecode.c.objc; path = ASINetworkQueue.m; sourceTree = "<group>"; };
		18C7A60918D481E800B29EC3 /* ASIProgressDelegate.h */ = {isa = PBXFileReference; fileEncoding = 4; lastKnownFileType = sourcecode.c.h; path = ASIProgressDelegate.h; sourceTree = "<group>"; };
		18C7A60A18D481E800B29EC3 /* Reachability.h */ = {isa = PBXFileReference; fileEncoding = 4; lastKnownFileType = sourcecode.c.h; path = Reachability.h; sourceTree = "<group>"; };
		18C7A60B18D481E800B29EC3 /* Reachability.m */ = {isa = PBXFileReference; fileEncoding = 4; lastKnownFileType = sourcecode.c.objc; path = Reachability.m; sourceTree = "<group>"; };
		18C7A60D18D481E800B29EC3 /* ProgressHUD.bundle */ = {isa = PBXFileReference; lastKnownFileType = "wrapper.plug-in"; path = ProgressHUD.bundle; sourceTree = "<group>"; };
		18C7A60E18D481E800B29EC3 /* ProgressHUD.h */ = {isa = PBXFileReference; fileEncoding = 4; lastKnownFileType = sourcecode.c.h; path = ProgressHUD.h; sourceTree = "<group>"; };
		18C7A60F18D481E800B29EC3 /* ProgressHUD.m */ = {isa = PBXFileReference; fileEncoding = 4; lastKnownFileType = sourcecode.c.objc; path = ProgressHUD.m; sourceTree = "<group>"; };
		18C7A61118D481E800B29EC3 /* IQButtonBarArrowLeft@2x.png */ = {isa = PBXFileReference; lastKnownFileType = image.png; path = "IQButtonBarArrowLeft@2x.png"; sourceTree = "<group>"; };
		18C7A61218D481E800B29EC3 /* IQButtonBarArrowRight@2x.png */ = {isa = PBXFileReference; lastKnownFileType = image.png; path = "IQButtonBarArrowRight@2x.png"; sourceTree = "<group>"; };
		18C7A61318D481E800B29EC3 /* IQKeyboardManager.h */ = {isa = PBXFileReference; fileEncoding = 4; lastKnownFileType = sourcecode.c.h; path = IQKeyboardManager.h; sourceTree = "<group>"; };
		18C7A61418D481E800B29EC3 /* IQKeyboardManager.m */ = {isa = PBXFileReference; fileEncoding = 4; lastKnownFileType = sourcecode.c.objc; path = IQKeyboardManager.m; sourceTree = "<group>"; };
		18C7A61618D481E800B29EC3 /* JSONKit.h */ = {isa = PBXFileReference; fileEncoding = 4; lastKnownFileType = sourcecode.c.h; path = JSONKit.h; sourceTree = "<group>"; };
		18C7A61718D481E800B29EC3 /* JSONKit.m */ = {isa = PBXFileReference; fileEncoding = 4; lastKnownFileType = sourcecode.c.objc; path = JSONKit.m; sourceTree = "<group>"; };
		18C7A69618D4822A00B29EC3 /* Settings.bundle */ = {isa = PBXFileReference; lastKnownFileType = "wrapper.plug-in"; path = Settings.bundle; sourceTree = "<group>"; };
		18C7A69818D4823100B29EC3 /* icon-29x29.png */ = {isa = PBXFileReference; lastKnownFileType = image.png; path = "icon-29x29.png"; sourceTree = "<group>"; };
		18C7A69918D4823100B29EC3 /* icon-40x40.png */ = {isa = PBXFileReference; lastKnownFileType = image.png; path = "icon-40x40.png"; sourceTree = "<group>"; };
		18C7A69A18D4823100B29EC3 /* icon-76x76.png */ = {isa = PBXFileReference; lastKnownFileType = image.png; path = "icon-76x76.png"; sourceTree = "<group>"; };
		18C7A69B18D4823100B29EC3 /* UI-Button-Result-True.png */ = {isa = PBXFileReference; lastKnownFileType = image.png; path = "UI-Button-Result-True.png"; sourceTree = "<group>"; };
		18C7A69C18D4823100B29EC3 /* UI-Button-Result-False.png */ = {isa = PBXFileReference; lastKnownFileType = image.png; path = "UI-Button-Result-False.png"; sourceTree = "<group>"; };
		18C7A6A218D4825100B29EC3 /* libz.1.2.5.dylib */ = {isa = PBXFileReference; lastKnownFileType = "compiled.mach-o.dylib"; name = libz.1.2.5.dylib; path = usr/lib/libz.1.2.5.dylib; sourceTree = SDKROOT; };
		18C7A6A618D48DE800B29EC3 /* test.plist */ = {isa = PBXFileReference; fileEncoding = 4; lastKnownFileType = text.plist.xml; path = test.plist; sourceTree = "<group>"; };
/* End PBXFileReference section */

/* Begin PBXFrameworksBuildPhase section */
		18C7A5A318D47E4300B29EC3 /* Frameworks */ = {
			isa = PBXFrameworksBuildPhase;
			buildActionMask = 2147483647;
			files = (
				18C7A6A318D4825100B29EC3 /* libz.1.2.5.dylib in Frameworks */,
				18C7A5AC18D47E4300B29EC3 /* CoreGraphics.framework in Frameworks */,
				18C7A5AE18D47E4300B29EC3 /* UIKit.framework in Frameworks */,
				18C7A5AA18D47E4300B29EC3 /* Foundation.framework in Frameworks */,
			);
			runOnlyForDeploymentPostprocessing = 0;
		};
		18C7A5C418D47E4300B29EC3 /* Frameworks */ = {
			isa = PBXFrameworksBuildPhase;
			buildActionMask = 2147483647;
			files = (
				18C7A5C918D47E4300B29EC3 /* XCTest.framework in Frameworks */,
				18C7A5CB18D47E4300B29EC3 /* UIKit.framework in Frameworks */,
				18C7A5CA18D47E4300B29EC3 /* Foundation.framework in Frameworks */,
			);
			runOnlyForDeploymentPostprocessing = 0;
		};
/* End PBXFrameworksBuildPhase section */

/* Begin PBXGroup section */
		18859FAD18D53E1A002BCF2B /* UI */ = {
			isa = PBXGroup;
			children = (
				1885A02218D54053002BCF2B /* notice.txt */,
				18859FAE18D53E1A002BCF2B /* readme.txt */,
				18859FAF18D53E1A002BCF2B /* 开始图 */,
				18859FB318D53E1A002BCF2B /* 效果图 */,
				18859FB918D53E1A002BCF2B /* 结束图 */,
				18859FC018D53E1A002BCF2B /* 问题图 */,
			);
			path = UI;
			sourceTree = "<group>";
		};
		18859FAF18D53E1A002BCF2B /* 开始图 */ = {
			isa = PBXGroup;
			children = (
				1885A02A18D594FB002BCF2B /* BtnNext_1.jpg */,
				1885A02B18D594FB002BCF2B /* BtnNext_2.jpg */,
				18859FB018D53E1A002BCF2B /* BtnStart_1.jpg */,
				18859FB118D53E1A002BCF2B /* BtnStart_2.jpg */,
				18859FB218D53E1A002BCF2B /* Start_Background.jpg */,
			);
			path = "开始图";
			sourceTree = "<group>";
		};
		18859FB318D53E1A002BCF2B /* 效果图 */ = {
			isa = PBXGroup;
			children = (
				18859FB418D53E1A002BCF2B /* 第05题目-原始状态.jpg */,
				18859FB518D53E1A002BCF2B /* 第05题目-选择某个选项后该选项回显在题干中.jpg */,
				18859FB618D53E1A002BCF2B /* 第05题目-选择某个选项弹出窗口.jpg */,
				18859FB718D53E1A002BCF2B /* 结束页-出现网络传输错误显示重新上传按钮.jpg */,
				18859FB818D53E1A002BCF2B /* 结束页-显示结果与分析与重新开始按钮.jpg */,
			);
			path = "效果图";
			sourceTree = "<group>";
		};
		18859FB918D53E1A002BCF2B /* 结束图 */ = {
			isa = PBXGroup;
			children = (
				18859FBA18D53E1A002BCF2B /* BtnRestart_1.jpg */,
				18859FBB18D53E1A002BCF2B /* BtnRestart_2.jpg */,
				18859FBC18D53E1A002BCF2B /* BtnReupload_1.jpg */,
				18859FBD18D53E1A002BCF2B /* BtnReupload_2.jpg */,
				18859FBE18D53E1A002BCF2B /* End_Background.jpg */,
				18859FBF18D53E1A002BCF2B /* UploadErrorView_Background.jpg */,
			);
			path = "结束图";
			sourceTree = "<group>";
		};
		18859FC018D53E1A002BCF2B /* 问题图 */ = {
			isa = PBXGroup;
			children = (
				18859FC118D53E1A002BCF2B /* 01.jpg */,
				18859FC218D53E1A002BCF2B /* 02.jpg */,
				18859FC318D53E1A002BCF2B /* 03.jpg */,
				18859FC418D53E1A002BCF2B /* 04.jpg */,
				18859FC518D53E1A002BCF2B /* 05.jpg */,
				18859FC618D53E1A002BCF2B /* 05Txt_1.jpg */,
				18859FC718D53E1A002BCF2B /* 05Txt_2.jpg */,
				18859FC818D53E1A002BCF2B /* 05Txt_3.jpg */,
				18859FC918D53E1A002BCF2B /* 05Txt_4.jpg */,
				18859FCA18D53E1A002BCF2B /* 06.jpg */,
				18859FCB18D53E1A002BCF2B /* 07.jpg */,
				18859FCC18D53E1A002BCF2B /* 08.jpg */,
				183D32D918DF063A0032E0F0 /* 09.jpg */,
				18859FCE18D53E1A002BCF2B /* 10.jpg */,
				18859FCF18D53E1A002BCF2B /* 11.jpg */,
				18859FD018D53E1A002BCF2B /* 12.jpg */,
				183D32D718DF062F0032E0F0 /* 13.jpg */,
				18859FD218D53E1A002BCF2B /* 对话框图 */,
				18859FDC18D53E1A002BCF2B /* 按钮图 */,
			);
			path = "问题图";
			sourceTree = "<group>";
		};
		18859FD218D53E1A002BCF2B /* 对话框图 */ = {
			isa = PBXGroup;
			children = (
				18859FD318D53E1A002BCF2B /* 05Btn1_1.jpg */,
				18859FD418D53E1A002BCF2B /* 05Btn1_2.jpg */,
				18859FD518D53E1A002BCF2B /* 05Btn2_1.jpg */,
				18859FD618D53E1A002BCF2B /* 05Btn2_2.jpg */,
				183D32D518DF05F00032E0F0 /* 05Btn3_1.jpg */,
				18859FD818D53E1A002BCF2B /* 05Btn3_2.jpg */,
				18859FD918D53E1A002BCF2B /* 05Btn4_1.jpg */,
				18859FDA18D53E1A002BCF2B /* 05Btn4_2.jpg */,
				18C58A1318E0719C00C46A51 /* 05PopView_Background.jpg */,
			);
			path = "对话框图";
			sourceTree = "<group>";
		};
		18859FDC18D53E1A002BCF2B /* 按钮图 */ = {
			isa = PBXGroup;
			children = (
				18859FDD18D53E1A002BCF2B /* BtnA_1.jpg */,
				18859FDE18D53E1A002BCF2B /* BtnA_2.jpg */,
				18859FDF18D53E1A002BCF2B /* BtnA_3.jpg */,
				18859FE018D53E1A002BCF2B /* BtnB_1.jpg */,
				18859FE118D53E1A002BCF2B /* BtnB_2.jpg */,
				18859FE218D53E1A002BCF2B /* BtnB_3.jpg */,
				18859FE318D53E1A002BCF2B /* BtnC_1.jpg */,
				18859FE418D53E1A002BCF2B /* BtnC_2.jpg */,
				18859FE518D53E1A002BCF2B /* BtnC_3.jpg */,
				18859FE618D53E1A002BCF2B /* BtnClick_1.jpg */,
				18859FE718D53E1A002BCF2B /* BtnClick_2.jpg */,
				18859FE818D53E1A002BCF2B /* BtnD_1.jpg */,
				18859FE918D53E1A002BCF2B /* BtnD_2.jpg */,
				18859FEA18D53E1A002BCF2B /* BtnD_3.jpg */,
			);
			path = "按钮图";
			sourceTree = "<group>";
		};
		18C7A59D18D47E4300B29EC3 = {
			isa = PBXGroup;
			children = (
				18C7A5AF18D47E4300B29EC3 /* coyote-bio */,
				18C7A5CE18D47E4300B29EC3 /* coyote-bioTests */,
				18C7A5A818D47E4300B29EC3 /* Frameworks */,
				18C7A5A718D47E4300B29EC3 /* Products */,
			);
			sourceTree = "<group>";
		};
		18C7A5A718D47E4300B29EC3 /* Products */ = {
			isa = PBXGroup;
			children = (
				18C7A5A618D47E4300B29EC3 /* coyote-bio.app */,
				18C7A5C718D47E4300B29EC3 /* coyote-bioTests.xctest */,
			);
			name = Products;
			sourceTree = "<group>";
		};
		18C7A5A818D47E4300B29EC3 /* Frameworks */ = {
			isa = PBXGroup;
			children = (
				18C7A6A218D4825100B29EC3 /* libz.1.2.5.dylib */,
				18C7A5A918D47E4300B29EC3 /* Foundation.framework */,
				18C7A5AB18D47E4300B29EC3 /* CoreGraphics.framework */,
				18C7A5AD18D47E4300B29EC3 /* UIKit.framework */,
				18C7A5C818D47E4300B29EC3 /* XCTest.framework */,
			);
			name = Frameworks;
			sourceTree = "<group>";
		};
		18C7A5AF18D47E4300B29EC3 /* coyote-bio */ = {
			isa = PBXGroup;
			children = (
				18C7A5F418D481C700B29EC3 /* openSource */,
				18C7A5B818D47E4300B29EC3 /* AppDelegate.h */,
				18C7A5B918D47E4300B29EC3 /* AppDelegate.m */,
				18C7A5BB18D47E4300B29EC3 /* Main.storyboard */,
				18C7A5DE18D47EA300B29EC3 /* LoginViewController.h */,
				18C7A5DF18D47EA300B29EC3 /* LoginViewController.m */,
				18C7A5E118D47EBC00B29EC3 /* QuestionViewController.h */,
				18C7A5E218D47EBC00B29EC3 /* QuestionViewController.m */,
				18C7A5E418D47ECE00B29EC3 /* UploadViewController.h */,
				18C7A5E518D47ECE00B29EC3 /* UploadViewController.m */,
				18C7A5F118D4813E00B29EC3 /* MulButtonView.h */,
				18C7A5F218D4813E00B29EC3 /* MulButtonView.m */,
				1885A02418D54BA0002BCF2B /* ChoiceView.h */,
				1885A02518D54BA0002BCF2B /* ChoiceView.m */,
				18C7A5ED18D47FF000B29EC3 /* Toolkit.h */,
				18C7A5EE18D47FF000B29EC3 /* Toolkit.m */,
				18C7A5E718D47EEF00B29EC3 /* FlipSegue.h */,
				18C7A5E818D47EEF00B29EC3 /* FlipSegue.m */,
				1885A02718D582CE002BCF2B /* NSBSimpleSegue.h */,
				1885A02818D582CE002BCF2B /* NSBSimpleSegue.m */,
				18C7A5E918D47EEF00B29EC3 /* SegueStatusListener.h */,
				18C7A5C118D47E4300B29EC3 /* Images.xcassets */,
				18C7A5B018D47E4300B29EC3 /* Supporting Files */,
			);
			path = "coyote-bio";
			sourceTree = "<group>";
		};
		18C7A5B018D47E4300B29EC3 /* Supporting Files */ = {
			isa = PBXGroup;
			children = (
				18859FAD18D53E1A002BCF2B /* UI */,
				18C7A6A618D48DE800B29EC3 /* test.plist */,
				183D32D318DF02140032E0F0 /* answer.plist */,
				1814635B18D9C68C0001FAD1 /* new_answer.plist */,
				18C7A69818D4823100B29EC3 /* icon-29x29.png */,
				18C7A69918D4823100B29EC3 /* icon-40x40.png */,
				18C7A69A18D4823100B29EC3 /* icon-76x76.png */,
				18C7A69B18D4823100B29EC3 /* UI-Button-Result-True.png */,
				18C7A69C18D4823100B29EC3 /* UI-Button-Result-False.png */,
				18C7A69618D4822A00B29EC3 /* Settings.bundle */,
				18C7A5B118D47E4300B29EC3 /* coyote-bio-Info.plist */,
				18C7A5B218D47E4300B29EC3 /* InfoPlist.strings */,
				18C7A5B518D47E4300B29EC3 /* main.m */,
				18C7A5B718D47E4300B29EC3 /* coyote-bio-Prefix.pch */,
			);
			name = "Supporting Files";
			sourceTree = "<group>";
		};
		18C7A5CE18D47E4300B29EC3 /* coyote-bioTests */ = {
			isa = PBXGroup;
			children = (
				18C7A5D418D47E4300B29EC3 /* coyote_bioTests.m */,
				18C7A5CF18D47E4300B29EC3 /* Supporting Files */,
			);
			path = "coyote-bioTests";
			sourceTree = "<group>";
		};
		18C7A5CF18D47E4300B29EC3 /* Supporting Files */ = {
			isa = PBXGroup;
			children = (
				18C7A5D018D47E4300B29EC3 /* coyote-bioTests-Info.plist */,
				18C7A5D118D47E4300B29EC3 /* InfoPlist.strings */,
			);
			name = "Supporting Files";
			sourceTree = "<group>";
		};
		18C7A5F418D481C700B29EC3 /* openSource */ = {
			isa = PBXGroup;
			children = (
				18C7A5F518D481E800B29EC3 /* ASIHTTPRequest */,
				18C7A60C18D481E800B29EC3 /* HUD */,
				18C7A61018D481E800B29EC3 /* IQKeyBoardManager */,
				18C7A61518D481E800B29EC3 /* JSON */,
			);
			name = openSource;
			sourceTree = "<group>";
		};
		18C7A5F518D481E800B29EC3 /* ASIHTTPRequest */ = {
			isa = PBXGroup;
			children = (
				18C7A5F618D481E800B29EC3 /* ASIAuthenticationDialog.h */,
				18C7A5F718D481E800B29EC3 /* ASIAuthenticationDialog.m */,
				18C7A5F818D481E800B29EC3 /* ASICacheDelegate.h */,
				18C7A5F918D481E800B29EC3 /* ASIDataCompressor.h */,
				18C7A5FA18D481E800B29EC3 /* ASIDataCompressor.m */,
				18C7A5FB18D481E800B29EC3 /* ASIDataDecompressor.h */,
				18C7A5FC18D481E800B29EC3 /* ASIDataDecompressor.m */,
				18C7A5FD18D481E800B29EC3 /* ASIDownloadCache.h */,
				18C7A5FE18D481E800B29EC3 /* ASIDownloadCache.m */,
				18C7A5FF18D481E800B29EC3 /* ASIFormDataRequest.h */,
				18C7A60018D481E800B29EC3 /* ASIFormDataRequest.m */,
				18C7A60118D481E800B29EC3 /* ASIHTTPRequest.h */,
				18C7A60218D481E800B29EC3 /* ASIHTTPRequest.m */,
				18C7A60318D481E800B29EC3 /* ASIHTTPRequestConfig.h */,
				18C7A60418D481E800B29EC3 /* ASIHTTPRequestDelegate.h */,
				18C7A60518D481E800B29EC3 /* ASIInputStream.h */,
				18C7A60618D481E800B29EC3 /* ASIInputStream.m */,
				18C7A60718D481E800B29EC3 /* ASINetworkQueue.h */,
				18C7A60818D481E800B29EC3 /* ASINetworkQueue.m */,
				18C7A60918D481E800B29EC3 /* ASIProgressDelegate.h */,
				18C7A60A18D481E800B29EC3 /* Reachability.h */,
				18C7A60B18D481E800B29EC3 /* Reachability.m */,
			);
			path = ASIHTTPRequest;
			sourceTree = "<group>";
		};
		18C7A60C18D481E800B29EC3 /* HUD */ = {
			isa = PBXGroup;
			children = (
				18C7A60D18D481E800B29EC3 /* ProgressHUD.bundle */,
				18C7A60E18D481E800B29EC3 /* ProgressHUD.h */,
				18C7A60F18D481E800B29EC3 /* ProgressHUD.m */,
			);
			path = HUD;
			sourceTree = "<group>";
		};
		18C7A61018D481E800B29EC3 /* IQKeyBoardManager */ = {
			isa = PBXGroup;
			children = (
				18C7A61118D481E800B29EC3 /* IQButtonBarArrowLeft@2x.png */,
				18C7A61218D481E800B29EC3 /* IQButtonBarArrowRight@2x.png */,
				18C7A61318D481E800B29EC3 /* IQKeyboardManager.h */,
				18C7A61418D481E800B29EC3 /* IQKeyboardManager.m */,
			);
			path = IQKeyBoardManager;
			sourceTree = "<group>";
		};
		18C7A61518D481E800B29EC3 /* JSON */ = {
			isa = PBXGroup;
			children = (
				18C7A61618D481E800B29EC3 /* JSONKit.h */,
				18C7A61718D481E800B29EC3 /* JSONKit.m */,
			);
			path = JSON;
			sourceTree = "<group>";
		};
/* End PBXGroup section */

/* Begin PBXNativeTarget section */
		18C7A5A518D47E4300B29EC3 /* coyote-bio */ = {
			isa = PBXNativeTarget;
			buildConfigurationList = 18C7A5D818D47E4300B29EC3 /* Build configuration list for PBXNativeTarget "coyote-bio" */;
			buildPhases = (
				18C7A5A218D47E4300B29EC3 /* Sources */,
				18C7A5A318D47E4300B29EC3 /* Frameworks */,
				18C7A5A418D47E4300B29EC3 /* Resources */,
			);
			buildRules = (
			);
			dependencies = (
			);
			name = "coyote-bio";
			productName = "coyote-bio";
			productReference = 18C7A5A618D47E4300B29EC3 /* coyote-bio.app */;
			productType = "com.apple.product-type.application";
		};
		18C7A5C618D47E4300B29EC3 /* coyote-bioTests */ = {
			isa = PBXNativeTarget;
			buildConfigurationList = 18C7A5DB18D47E4300B29EC3 /* Build configuration list for PBXNativeTarget "coyote-bioTests" */;
			buildPhases = (
				18C7A5C318D47E4300B29EC3 /* Sources */,
				18C7A5C418D47E4300B29EC3 /* Frameworks */,
				18C7A5C518D47E4300B29EC3 /* Resources */,
			);
			buildRules = (
			);
			dependencies = (
				18C7A5CD18D47E4300B29EC3 /* PBXTargetDependency */,
			);
			name = "coyote-bioTests";
			productName = "coyote-bioTests";
			productReference = 18C7A5C718D47E4300B29EC3 /* coyote-bioTests.xctest */;
			productType = "com.apple.product-type.bundle.unit-test";
		};
/* End PBXNativeTarget section */

/* Begin PBXProject section */
		18C7A59E18D47E4300B29EC3 /* Project object */ = {
			isa = PBXProject;
			attributes = {
				LastUpgradeCheck = 0500;
				ORGANIZATIONNAME = apple;
				TargetAttributes = {
					18C7A5C618D47E4300B29EC3 = {
						TestTargetID = 18C7A5A518D47E4300B29EC3;
					};
				};
			};
			buildConfigurationList = 18C7A5A118D47E4300B29EC3 /* Build configuration list for PBXProject "coyote-bio" */;
			compatibilityVersion = "Xcode 3.2";
			developmentRegion = English;
			hasScannedForEncodings = 0;
			knownRegions = (
				en,
				Base,
			);
			mainGroup = 18C7A59D18D47E4300B29EC3;
			productRefGroup = 18C7A5A718D47E4300B29EC3 /* Products */;
			projectDirPath = "";
			projectRoot = "";
			targets = (
				18C7A5A518D47E4300B29EC3 /* coyote-bio */,
				18C7A5C618D47E4300B29EC3 /* coyote-bioTests */,
			);
		};
/* End PBXProject section */

/* Begin PBXResourcesBuildPhase section */
		18C7A5A418D47E4300B29EC3 /* Resources */ = {
			isa = PBXResourcesBuildPhase;
			buildActionMask = 2147483647;
			files = (
				1885A00318D53E1A002BCF2B /* 06.jpg in Resources */,
				183D32D818DF062F0032E0F0 /* 13.jpg in Resources */,
				1885A01518D53E1A002BCF2B /* BtnA_2.jpg in Resources */,
				1885A01118D53E1A002BCF2B /* 05Btn4_1.jpg in Resources */,
				18C7A62118D481E800B29EC3 /* ProgressHUD.bundle in Resources */,
				18C7A69F18D4823100B29EC3 /* icon-76x76.png in Resources */,
				18C58A1418E0719C00C46A51 /* 05PopView_Background.jpg in Resources */,
				1885A00718D53E1A002BCF2B /* 10.jpg in Resources */,
				1885A00818D53E1A002BCF2B /* 11.jpg in Resources */,
				1885A00E18D53E1A002BCF2B /* 05Btn2_2.jpg in Resources */,
				18C7A6A018D4823100B29EC3 /* UI-Button-Result-True.png in Resources */,
				18859FEE18D53E1A002BCF2B /* Start_Background.jpg in Resources */,
				18859FF018D53E1A002BCF2B /* 第05题目-选择某个选项后该选项回显在题干中.jpg in Resources */,
				1885A01418D53E1A002BCF2B /* BtnA_1.jpg in Resources */,
				18859FFA18D53E1A002BCF2B /* 01.jpg in Resources */,
				1885A01B18D53E1A002BCF2B /* BtnC_2.jpg in Resources */,
				1885A01F18D53E1A002BCF2B /* BtnD_1.jpg in Resources */,
				18859FFE18D53E1A002BCF2B /* 05.jpg in Resources */,
				18859FF718D53E1A002BCF2B /* BtnReupload_2.jpg in Resources */,
				1885A00918D53E1A002BCF2B /* 12.jpg in Resources */,
				183D32D418DF02140032E0F0 /* answer.plist in Resources */,
				1885A01618D53E1A002BCF2B /* BtnA_3.jpg in Resources */,
				18859FEF18D53E1A002BCF2B /* 第05题目-原始状态.jpg in Resources */,
				1885A00518D53E1A002BCF2B /* 08.jpg in Resources */,
				18859FF518D53E1A002BCF2B /* BtnRestart_2.jpg in Resources */,
				18C7A62418D481E800B29EC3 /* IQButtonBarArrowRight@2x.png in Resources */,
				18C7A6A718D48DE800B29EC3 /* test.plist in Resources */,
				18859FF118D53E1A002BCF2B /* 第05题目-选择某个选项弹出窗口.jpg in Resources */,
				1885A01918D53E1A002BCF2B /* BtnB_3.jpg in Resources */,
				18859FF218D53E1A002BCF2B /* 结束页-出现网络传输错误显示重新上传按钮.jpg in Resources */,
				1885A00018D53E1A002BCF2B /* 05Txt_2.jpg in Resources */,
				1885A00B18D53E1A002BCF2B /* 05Btn1_1.jpg in Resources */,
				1885A02318D54054002BCF2B /* notice.txt in Resources */,
				18859FFF18D53E1A002BCF2B /* 05Txt_1.jpg in Resources */,
				1885A01018D53E1A002BCF2B /* 05Btn3_2.jpg in Resources */,
				18859FF818D53E1A002BCF2B /* End_Background.jpg in Resources */,
				1885A00D18D53E1A002BCF2B /* 05Btn2_1.jpg in Resources */,
				1885A01218D53E1A002BCF2B /* 05Btn4_2.jpg in Resources */,
				18859FFB18D53E1A002BCF2B /* 02.jpg in Resources */,
				18C7A5C218D47E4300B29EC3 /* Images.xcassets in Resources */,
				1885A02D18D594FB002BCF2B /* BtnNext_2.jpg in Resources */,
				18859FFC18D53E1A002BCF2B /* 03.jpg in Resources */,
				18C7A62318D481E800B29EC3 /* IQButtonBarArrowLeft@2x.png in Resources */,
				1885A02118D53E1A002BCF2B /* BtnD_3.jpg in Resources */,
				18C7A5B418D47E4300B29EC3 /* InfoPlist.strings in Resources */,
				1885A01E18D53E1A002BCF2B /* BtnClick_2.jpg in Resources */,
				1885A00418D53E1A002BCF2B /* 07.jpg in Resources */,
				1885A01718D53E1A002BCF2B /* BtnB_1.jpg in Resources */,
				1885A00C18D53E1A002BCF2B /* 05Btn1_2.jpg in Resources */,
				18859FF418D53E1A002BCF2B /* BtnRestart_1.jpg in Resources */,
				183D32DA18DF063A0032E0F0 /* 09.jpg in Resources */,
				183D32D618DF05F00032E0F0 /* 05Btn3_1.jpg in Resources */,
				1885A01D18D53E1A002BCF2B /* BtnClick_1.jpg in Resources */,
				1885A01818D53E1A002BCF2B /* BtnB_2.jpg in Resources */,
				1885A02018D53E1A002BCF2B /* BtnD_2.jpg in Resources */,
				18C7A6A118D4823100B29EC3 /* UI-Button-Result-False.png in Resources */,
				1885A01C18D53E1A002BCF2B /* BtnC_3.jpg in Resources */,
				18859FF318D53E1A002BCF2B /* 结束页-显示结果与分析与重新开始按钮.jpg in Resources */,
				18859FED18D53E1A002BCF2B /* BtnStart_2.jpg in Resources */,
				18C7A69E18D4823100B29EC3 /* icon-40x40.png in Resources */,
				1885A01A18D53E1A002BCF2B /* BtnC_1.jpg in Resources */,
				18859FEB18D53E1A002BCF2B /* readme.txt in Resources */,
				1885A00218D53E1A002BCF2B /* 05Txt_4.jpg in Resources */,
				18859FFD18D53E1A002BCF2B /* 04.jpg in Resources */,
				18C7A69D18D4823100B29EC3 /* icon-29x29.png in Resources */,
				18C7A69718D4822A00B29EC3 /* Settings.bundle in Resources */,
				18C7A5BD18D47E4300B29EC3 /* Main.storyboard in Resources */,
				1885A02C18D594FB002BCF2B /* BtnNext_1.jpg in Resources */,
				18859FEC18D53E1A002BCF2B /* BtnStart_1.jpg in Resources */,
				18859FF618D53E1A002BCF2B /* BtnReupload_1.jpg in Resources */,
				1885A00118D53E1A002BCF2B /* 05Txt_3.jpg in Resources */,
				1814635C18D9C68C0001FAD1 /* new_answer.plist in Resources */,
				18859FF918D53E1A002BCF2B /* UploadErrorView_Background.jpg in Resources */,
			);
			runOnlyForDeploymentPostprocessing = 0;
		};
		18C7A5C518D47E4300B29EC3 /* Resources */ = {
			isa = PBXResourcesBuildPhase;
			buildActionMask = 2147483647;
			files = (
				18C7A5D318D47E4300B29EC3 /* InfoPlist.strings in Resources */,
			);
			runOnlyForDeploymentPostprocessing = 0;
		};
/* End PBXResourcesBuildPhase section */

/* Begin PBXSourcesBuildPhase section */
		18C7A5A218D47E4300B29EC3 /* Sources */ = {
			isa = PBXSourcesBuildPhase;
			buildActionMask = 2147483647;
			files = (
				18C7A62518D481E800B29EC3 /* IQKeyboardManager.m in Sources */,
				18C7A5BA18D47E4300B29EC3 /* AppDelegate.m in Sources */,
				18C7A61D18D481E800B29EC3 /* ASIHTTPRequest.m in Sources */,
				18C7A5F018D47FF000B29EC3 /* Toolkit.m in Sources */,
				18C7A62618D481E800B29EC3 /* JSONKit.m in Sources */,
				18C7A61E18D481E800B29EC3 /* ASIInputStream.m in Sources */,
				1885A02618D54BA0002BCF2B /* ChoiceView.m in Sources */,
				1885A02918D582CE002BCF2B /* NSBSimpleSegue.m in Sources */,
				18C7A5B618D47E4300B29EC3 /* main.m in Sources */,
				18C7A5EA18D47EEF00B29EC3 /* FlipSegue.m in Sources */,
				18C7A61A18D481E800B29EC3 /* ASIDataDecompressor.m in Sources */,
				18C7A5F318D4813E00B29EC3 /* MulButtonView.m in Sources */,
				18C7A61C18D481E800B29EC3 /* ASIFormDataRequest.m in Sources */,
				18C7A62218D481E800B29EC3 /* ProgressHUD.m in Sources */,
				18C7A5E318D47EBC00B29EC3 /* QuestionViewController.m in Sources */,
				18C7A61818D481E800B29EC3 /* ASIAuthenticationDialog.m in Sources */,
				18C7A61918D481E800B29EC3 /* ASIDataCompressor.m in Sources */,
				18C7A5E618D47ECE00B29EC3 /* UploadViewController.m in Sources */,
				18C7A61B18D481E800B29EC3 /* ASIDownloadCache.m in Sources */,
				18C7A61F18D481E800B29EC3 /* ASINetworkQueue.m in Sources */,
				18C7A62018D481E800B29EC3 /* Reachability.m in Sources */,
				18C7A5E018D47EA300B29EC3 /* LoginViewController.m in Sources */,
			);
			runOnlyForDeploymentPostprocessing = 0;
		};
		18C7A5C318D47E4300B29EC3 /* Sources */ = {
			isa = PBXSourcesBuildPhase;
			buildActionMask = 2147483647;
			files = (
				18C7A5D518D47E4300B29EC3 /* coyote_bioTests.m in Sources */,
			);
			runOnlyForDeploymentPostprocessing = 0;
		};
/* End PBXSourcesBuildPhase section */

/* Begin PBXTargetDependency section */
		18C7A5CD18D47E4300B29EC3 /* PBXTargetDependency */ = {
			isa = PBXTargetDependency;
			target = 18C7A5A518D47E4300B29EC3 /* coyote-bio */;
			targetProxy = 18C7A5CC18D47E4300B29EC3 /* PBXContainerItemProxy */;
		};
/* End PBXTargetDependency section */

/* Begin PBXVariantGroup section */
		18C7A5B218D47E4300B29EC3 /* InfoPlist.strings */ = {
			isa = PBXVariantGroup;
			children = (
				18C7A5B318D47E4300B29EC3 /* en */,
			);
			name = InfoPlist.strings;
			sourceTree = "<group>";
		};
		18C7A5BB18D47E4300B29EC3 /* Main.storyboard */ = {
			isa = PBXVariantGroup;
			children = (
				18C7A5BC18D47E4300B29EC3 /* Base */,
			);
			name = Main.storyboard;
			sourceTree = "<group>";
		};
		18C7A5D118D47E4300B29EC3 /* InfoPlist.strings */ = {
			isa = PBXVariantGroup;
			children = (
				18C7A5D218D47E4300B29EC3 /* en */,
			);
			name = InfoPlist.strings;
			sourceTree = "<group>";
		};
/* End PBXVariantGroup section */

/* Begin XCBuildConfiguration section */
		18C7A5D618D47E4300B29EC3 /* Debug */ = {
			isa = XCBuildConfiguration;
			buildSettings = {
				ALWAYS_SEARCH_USER_PATHS = NO;
				ARCHS = "$(ARCHS_STANDARD_INCLUDING_64_BIT)";
				CLANG_CXX_LANGUAGE_STANDARD = "gnu++0x";
				CLANG_CXX_LIBRARY = "libc++";
				CLANG_ENABLE_MODULES = YES;
				CLANG_ENABLE_OBJC_ARC = YES;
				CLANG_WARN_BOOL_CONVERSION = YES;
				CLANG_WARN_CONSTANT_CONVERSION = YES;
				CLANG_WARN_DIRECT_OBJC_ISA_USAGE = YES_ERROR;
				CLANG_WARN_EMPTY_BODY = YES;
				CLANG_WARN_ENUM_CONVERSION = YES;
				CLANG_WARN_INT_CONVERSION = YES;
				CLANG_WARN_OBJC_ROOT_CLASS = YES_ERROR;
				CLANG_WARN__DUPLICATE_METHOD_MATCH = YES;
				"CODE_SIGN_IDENTITY[sdk=iphoneos*]" = "iPhone Developer";
				COPY_PHASE_STRIP = NO;
				GCC_C_LANGUAGE_STANDARD = gnu99;
				GCC_DYNAMIC_NO_PIC = NO;
				GCC_OPTIMIZATION_LEVEL = 0;
				GCC_PREPROCESSOR_DEFINITIONS = (
					"DEBUG=1",
					"$(inherited)",
				);
				GCC_SYMBOLS_PRIVATE_EXTERN = NO;
				GCC_WARN_64_TO_32_BIT_CONVERSION = YES;
				GCC_WARN_ABOUT_RETURN_TYPE = YES_ERROR;
				GCC_WARN_UNDECLARED_SELECTOR = YES;
				GCC_WARN_UNINITIALIZED_AUTOS = YES;
				GCC_WARN_UNUSED_FUNCTION = YES;
				GCC_WARN_UNUSED_VARIABLE = YES;
				IPHONEOS_DEPLOYMENT_TARGET = 7.0;
				ONLY_ACTIVE_ARCH = YES;
				SDKROOT = iphoneos;
				TARGETED_DEVICE_FAMILY = 2;
			};
			name = Debug;
		};
		18C7A5D718D47E4300B29EC3 /* Release */ = {
			isa = XCBuildConfiguration;
			buildSettings = {
				ALWAYS_SEARCH_USER_PATHS = NO;
				ARCHS = "$(ARCHS_STANDARD_INCLUDING_64_BIT)";
				CLANG_CXX_LANGUAGE_STANDARD = "gnu++0x";
				CLANG_CXX_LIBRARY = "libc++";
				CLANG_ENABLE_MODULES = YES;
				CLANG_ENABLE_OBJC_ARC = YES;
				CLANG_WARN_BOOL_CONVERSION = YES;
				CLANG_WARN_CONSTANT_CONVERSION = YES;
				CLANG_WARN_DIRECT_OBJC_ISA_USAGE = YES_ERROR;
				CLANG_WARN_EMPTY_BODY = YES;
				CLANG_WARN_ENUM_CONVERSION = YES;
				CLANG_WARN_INT_CONVERSION = YES;
				CLANG_WARN_OBJC_ROOT_CLASS = YES_ERROR;
				CLANG_WARN__DUPLICATE_METHOD_MATCH = YES;
				"CODE_SIGN_IDENTITY[sdk=iphoneos*]" = "iPhone Developer";
				COPY_PHASE_STRIP = YES;
				ENABLE_NS_ASSERTIONS = NO;
				GCC_C_LANGUAGE_STANDARD = gnu99;
				GCC_WARN_64_TO_32_BIT_CONVERSION = YES;
				GCC_WARN_ABOUT_RETURN_TYPE = YES_ERROR;
				GCC_WARN_UNDECLARED_SELECTOR = YES;
				GCC_WARN_UNINITIALIZED_AUTOS = YES;
				GCC_WARN_UNUSED_FUNCTION = YES;
				GCC_WARN_UNUSED_VARIABLE = YES;
				IPHONEOS_DEPLOYMENT_TARGET = 7.0;
				SDKROOT = iphoneos;
				TARGETED_DEVICE_FAMILY = 2;
				VALIDATE_PRODUCT = YES;
			};
			name = Release;
		};
		18C7A5D918D47E4300B29EC3 /* Debug */ = {
			isa = XCBuildConfiguration;
			buildSettings = {
				ASSETCATALOG_COMPILER_APPICON_NAME = AppIcon;
				ASSETCATALOG_COMPILER_LAUNCHIMAGE_NAME = LaunchImage;
				CLANG_ENABLE_OBJC_ARC = NO;
				GCC_PRECOMPILE_PREFIX_HEADER = YES;
				GCC_PREFIX_HEADER = "coyote-bio/coyote-bio-Prefix.pch";
				INFOPLIST_FILE = "coyote-bio/coyote-bio-Info.plist";
				PRODUCT_NAME = "$(TARGET_NAME)";
				WRAPPER_EXTENSION = app;
			};
			name = Debug;
		};
		18C7A5DA18D47E4300B29EC3 /* Release */ = {
			isa = XCBuildConfiguration;
			buildSettings = {
				ASSETCATALOG_COMPILER_APPICON_NAME = AppIcon;
				ASSETCATALOG_COMPILER_LAUNCHIMAGE_NAME = LaunchImage;
				CLANG_ENABLE_OBJC_ARC = NO;
				GCC_PRECOMPILE_PREFIX_HEADER = YES;
				GCC_PREFIX_HEADER = "coyote-bio/coyote-bio-Prefix.pch";
				INFOPLIST_FILE = "coyote-bio/coyote-bio-Info.plist";
				PRODUCT_NAME = "$(TARGET_NAME)";
				WRAPPER_EXTENSION = app;
			};
			name = Release;
		};
		18C7A5DC18D47E4300B29EC3 /* Debug */ = {
			isa = XCBuildConfiguration;
			buildSettings = {
				ARCHS = "$(ARCHS_STANDARD_INCLUDING_64_BIT)";
				BUNDLE_LOADER = "$(BUILT_PRODUCTS_DIR)/coyote-bio.app/coyote-bio";
				FRAMEWORK_SEARCH_PATHS = (
					"$(SDKROOT)/Developer/Library/Frameworks",
					"$(inherited)",
					"$(DEVELOPER_FRAMEWORKS_DIR)",
				);
				GCC_PRECOMPILE_PREFIX_HEADER = YES;
				GCC_PREFIX_HEADER = "coyote-bio/coyote-bio-Prefix.pch";
				GCC_PREPROCESSOR_DEFINITIONS = (
					"DEBUG=1",
					"$(inherited)",
				);
				INFOPLIST_FILE = "coyote-bioTests/coyote-bioTests-Info.plist";
				PRODUCT_NAME = "$(TARGET_NAME)";
				TEST_HOST = "$(BUNDLE_LOADER)";
				WRAPPER_EXTENSION = xctest;
			};
			name = Debug;
		};
		18C7A5DD18D47E4300B29EC3 /* Release */ = {
			isa = XCBuildConfiguration;
			buildSettings = {
				ARCHS = "$(ARCHS_STANDARD_INCLUDING_64_BIT)";
				BUNDLE_LOADER = "$(BUILT_PRODUCTS_DIR)/coyote-bio.app/coyote-bio";
				FRAMEWORK_SEARCH_PATHS = (
					"$(SDKROOT)/Developer/Library/Frameworks",
					"$(inherited)",
					"$(DEVELOPER_FRAMEWORKS_DIR)",
				);
				GCC_PRECOMPILE_PREFIX_HEADER = YES;
				GCC_PREFIX_HEADER = "coyote-bio/coyote-bio-Prefix.pch";
				INFOPLIST_FILE = "coyote-bioTests/coyote-bioTests-Info.plist";
				PRODUCT_NAME = "$(TARGET_NAME)";
				TEST_HOST = "$(BUNDLE_LOADER)";
				WRAPPER_EXTENSION = xctest;
			};
			name = Release;
		};
/* End XCBuildConfiguration section */

/* Begin XCConfigurationList section */
		18C7A5A118D47E4300B29EC3 /* Build configuration list for PBXProject "coyote-bio" */ = {
			isa = XCConfigurationList;
			buildConfigurations = (
				18C7A5D618D47E4300B29EC3 /* Debug */,
				18C7A5D718D47E4300B29EC3 /* Release */,
			);
			defaultConfigurationIsVisible = 0;
			defaultConfigurationName = Release;
		};
		18C7A5D818D47E4300B29EC3 /* Build configuration list for PBXNativeTarget "coyote-bio" */ = {
			isa = XCConfigurationList;
			buildConfigurations = (
				18C7A5D918D47E4300B29EC3 /* Debug */,
				18C7A5DA18D47E4300B29EC3 /* Release */,
			);
			defaultConfigurationIsVisible = 0;
			defaultConfigurationName = Release;
		};
		18C7A5DB18D47E4300B29EC3 /* Build configuration list for PBXNativeTarget "coyote-bioTests" */ = {
			isa = XCConfigurationList;
			buildConfigurations = (
				18C7A5DC18D47E4300B29EC3 /* Debug */,
				18C7A5DD18D47E4300B29EC3 /* Release */,
			);
			defaultConfigurationIsVisible = 0;
			defaultConfigurationName = Release;
		};
/* End XCConfigurationList section */
	};
	rootObject = 18C7A59E18D47E4300B29EC3 /* Project object */;
}
